
Microsoft Visual Studio Solution File, Format Version 12.00
# Visual Studio Version 16
VisualStudioVersion = 16.0.30413.136
MinimumVisualStudioVersion = 10.0.40219.1
Project("{FAE04EC0-301F-11D3-BF4B-00C04F79EFBC}") = "U40", "U40\U40.csproj", "{A29FC392-DCDF-4536-9FCA-6AD321134E24}"
EndProject
Project("{FAE04EC0-301F-11D3-BF4B-00C04F79EFBC}") = "U41", "U41\U41.csproj", "{B9748096-001B-4996-80F5-5F436E8DC226}"
EndProject
Project("{FAE04EC0-301F-11D3-BF4B-00C04F79EFBC}") = "Eg1", "Eg1\Eg1.csproj", "{DABB0A5D-67BD-43EB-98D8-46BB9CDB3BD1}"
EndProject
Global
	GlobalSection(SolutionConfigurationPlatforms) = preSolution
		Debug|ARM = Debug|ARM
		Debug|ARM64 = Debug|ARM64
		Debug|x64 = Debug|x64
		Debug|x86 = Debug|x86
		Release|ARM = Release|ARM
		Release|ARM64 = Release|ARM64
		Release|x64 = Release|x64
		Release|x86 = Release|x86
	EndGlobalSection
	GlobalSection(ProjectConfigurationPlatforms) = postSolution
		{A29FC392-DCDF-4536-9FCA-6AD321134E24}.Debug|ARM.ActiveCfg = Debug|ARM
		{A29FC392-DCDF-4536-9FCA-6AD321134E24}.Debug|ARM.Build.0 = Debug|ARM
		{A29FC392-DCDF-4536-9FCA-6AD321134E24}.Debug|ARM.Deploy.0 = Debug|ARM
		{A29FC392-DCDF-4536-9FCA-6AD321134E24}.Debug|ARM64.ActiveCfg = Debug|ARM64
		{A29FC392-DCDF-4536-9FCA-6AD321134E24}.Debug|ARM64.Build.0 = Debug|ARM64
		{A29FC392-DCDF-4536-9FCA-6AD321134E24}.Debug|ARM64.Deploy.0 = Debug|ARM64
		{A29FC392-DCDF-4536-9FCA-6AD321134E24}.Debug|x64.ActiveCfg = Debug|x64
		{A29FC392-DCDF-4536-9FCA-6AD321134E24}.Debug|x64.Build.0 = Debug|x64
		{A29FC392-DCDF-4536-9FCA-6AD321134E24}.Debug|x64.Deploy.0 = Debug|x64
		{A29FC392-DCDF-4536-9FCA-6AD321134E24}.Debug|x86.ActiveCfg = Debug|x86
		{A29FC392-DCDF-4536-9FCA-6AD321134E24}.Debug|x86.Build.0 = Debug|x86
		{A29FC392-DCDF-4536-9FCA-6AD321134E24}.Debug|x86.Deploy.0 = Debug|x86
		{A29FC392-DCDF-4536-9FCA-6AD321134E24}.Release|ARM.ActiveCfg = Release|ARM
		{A29FC392-DCDF-4536-9FCA-6AD321134E24}.Release|ARM.Build.0 = Release|ARM
		{A29FC392-DCDF-4536-9FCA-6AD321134E24}.Release|ARM.Deploy.0 = Release|ARM
		{A29FC392-DCDF-4536-9FCA-6AD321134E24}.Release|ARM64.ActiveCfg = Release|ARM64
		{A29FC392-DCDF-4536-9FCA-6AD321134E24}.Release|ARM64.Build.0 = Release|ARM64
		{A29FC392-DCDF-4536-9FCA-6AD321134E24}.Release|ARM64.Deploy.0 = Release|ARM64
		{A29FC392-DCDF-4536-9FCA-6AD321134E24}.Release|x64.ActiveCfg = Release|x64
		{A29FC392-DCDF-4536-9FCA-6AD321134E24}.Release|x64.Build.0 = Release|x64
		{A29FC392-DCDF-4536-9FCA-6AD321134E24}.Release|x64.Deploy.0 = Release|x64
		{A29FC392-DCDF-4536-9FCA-6AD321134E24}.Release|x86.ActiveCfg = Release|x86
		{A29FC392-DCDF-4536-9FCA-6AD321134E24}.Release|x86.Build.0 = Release|x86
		{A29FC392-DCDF-4536-9FCA-6AD321134E24}.Release|x86.Deploy.0 = Release|x86
		{B9748096-001B-4996-80F5-5F436E8DC226}.Debug|ARM.ActiveCfg = Debug|ARM
		{B9748096-001B-4996-80F5-5F436E8DC226}.Debug|ARM.Build.0 = Debug|ARM
		{B9748096-001B-4996-80F5-5F436E8DC226}.Debug|ARM.Deploy.0 = Debug|ARM
		{B9748096-001B-4996-80F5-5F436E8DC226}.Debug|ARM64.ActiveCfg = Debug|ARM64
		{B9748096-001B-4996-80F5-5F436E8DC226}.Debug|ARM64.Build.0 = Debug|ARM64
		{B9748096-001B-4996-80F5-5F436E8DC226}.Debug|ARM64.Deploy.0 = Debug|ARM64
		{B9748096-001B-4996-80F5-5F436E8DC226}.Debug|x64.ActiveCfg = Debug|x64
		{B9748096-001B-4996-80F5-5F436E8DC226}.Debug|x64.Build.0 = Debug|x64
		{B9748096-001B-4996-80F5-5F436E8DC226}.Debug|x64.Deploy.0 = Debug|x64
		{B9748096-001B-4996-80F5-5F436E8DC226}.Debug|x86.ActiveCfg = Debug|x86
		{B9748096-001B-4996-80F5-5F436E8DC226}.Debug|x86.Build.0 = Debug|x86
		{B9748096-001B-4996-80F5-5F436E8DC226}.Debug|x86.Deploy.0 = Debug|x86
		{B9748096-001B-4996-80F5-5F436E8DC226}.Release|ARM.ActiveCfg = Release|ARM
		{B9748096-001B-4996-80F5-5F436E8DC226}.Release|ARM.Build.0 = Release|ARM
		{B9748096-001B-4996-80F5-5F436E8DC226}.Release|ARM.Deploy.0 = Release|ARM
		{B9748096-001B-4996-80F5-5F436E8DC226}.Release|ARM64.ActiveCfg = Release|ARM64
		{B9748096-001B-4996-80F5-5F436E8DC226}.Release|ARM64.Build.0 = Release|ARM64
		{B9748096-001B-4996-80F5-5F436E8DC226}.Release|ARM64.Deploy.0 = Release|ARM64
		{B9748096-001B-4996-80F5-5F436E8DC226}.Release|x64.ActiveCfg = Release|x64
		{B9748096-001B-4996-80F5-5F436E8DC226}.Release|x64.Build.0 = Release|x64
		{B9748096-001B-4996-80F5-5F436E8DC226}.Release|x64.Deploy.0 = Release|x64
		{B9748096-001B-4996-80F5-5F436E8DC226}.Release|x86.ActiveCfg = Release|x86
		{B9748096-001B-4996-80F5-5F436E8DC226}.Release|x86.Build.0 = Release|x86
		{B9748096-001B-4996-80F5-5F436E8DC226}.Release|x86.Deploy.0 = Release|x86
		{DABB0A5D-67BD-43EB-98D8-46BB9CDB3BD1}.Debug|ARM.ActiveCfg = Debug|ARM
		{DABB0A5D-67BD-43EB-98D8-46BB9CDB3BD1}.Debug|ARM.Build.0 = Debug|ARM
		{DABB0A5D-67BD-43EB-98D8-46BB9CDB3BD1}.Debug|ARM.Deploy.0 = Debug|ARM
		{DABB0A5D-67BD-43EB-98D8-46BB9CDB3BD1}.Debug|ARM64.ActiveCfg = Debug|ARM64
		{DABB0A5D-67BD-43EB-98D8-46BB9CDB3BD1}.Debug|ARM64.Build.0 = Debug|ARM64
		{DABB0A5D-67BD-43EB-98D8-46BB9CDB3BD1}.Debug|ARM64.Deploy.0 = Debug|ARM64
		{DABB0A5D-67BD-43EB-98D8-46BB9CDB3BD1}.Debug|x64.ActiveCfg = Debug|x64
		{DABB0A5D-67BD-43EB-98D8-46BB9CDB3BD1}.Debug|x64.Build.0 = Debug|x64
		{DABB0A5D-67BD-43EB-98D8-46BB9CDB3BD1}.Debug|x64.Deploy.0 = Debug|x64
		{DABB0A5D-67BD-43EB-98D8-46BB9CDB3BD1}.Debug|x86.ActiveCfg = Debug|x86
		{DABB0A5D-67BD-43EB-98D8-46BB9CDB3BD1}.Debug|x86.Build.0 = Debug|x86
		{DABB0A5D-67BD-43EB-98D8-46BB9CDB3BD1}.Debug|x86.Deploy.0 = Debug|x86
		{DABB0A5D-67BD-43EB-98D8-46BB9CDB3BD1}.Release|ARM.ActiveCfg = Release|ARM
		{DABB0A5D-67BD-43EB-98D8-46BB9CDB3BD1}.Release|ARM.Build.0 = Release|ARM
		{DABB0A5D-67BD-43EB-98D8-46BB9CDB3BD1}.Release|ARM.Deploy.0 = Release|ARM
		{DABB0A5D-67BD-43EB-98D8-46BB9CDB3BD1}.Release|ARM64.ActiveCfg = Release|ARM64
		{DABB0A5D-67BD-43EB-98D8-46BB9CDB3BD1}.Release|ARM64.Build.0 = Release|ARM64
		{DABB0A5D-67BD-43EB-98D8-46BB9CDB3BD1}.Release|ARM64.Deploy.0 = Release|ARM64
		{DABB0A5D-67BD-43EB-98D8-46BB9CDB3BD1}.Release|x64.ActiveCfg = Release|x64
		{DABB0A5D-67BD-43EB-98D8-46BB9CDB3BD1}.Release|x64.Build.0 = Release|x64
		{DABB0A5D-67BD-43EB-98D8-46BB9CDB3BD1}.Release|x64.Deploy.0 = Release|x64
		{DABB0A5D-67BD-43EB-98D8-46BB9CDB3BD1}.Release|x86.ActiveCfg = Release|x86
		{DABB0A5D-67BD-43EB-98D8-46BB9CDB3BD1}.Release|x86.Build.0 = Release|x86
		{DABB0A5D-67BD-43EB-98D8-46BB9CDB3BD1}.Release|x86.Deploy.0 = Release|x86
	EndGlobalSection
	GlobalSection(SolutionProperties) = preSolution
		HideSolutionNode = FALSE
	EndGlobalSection
	GlobalSection(ExtensibilityGlobals) = postSolution
		SolutionGuid = {21781FF8-85DA-41FA-AA96-E3C8FFA6712A}
	EndGlobalSection
EndGlobal
