
Microsoft Visual Studio Solution File, Format Version 12.00
# Visual Studio Version 16
VisualStudioVersion = 16.0.30413.136
MinimumVisualStudioVersion = 10.0.40219.1
Project("{FAE04EC0-301F-11D3-BF4B-00C04F79EFBC}") = "Lad06", "Lad06\Lad06.csproj", "{066DE3E4-42FE-400C-964B-46DF8F052540}"
EndProject
Project("{FAE04EC0-301F-11D3-BF4B-00C04F79EFBC}") = "u28", "Example\u28.csproj", "{FC680D09-D63E-44BD-B491-D34E5C00CADE}"
EndProject
Project("{FAE04EC0-301F-11D3-BF4B-00C04F79EFBC}") = "ThemeResources", "ThemeResources\ThemeResources.csproj", "{BF10A15C-387E-4688-BE28-64E565BDBA53}"
EndProject
Project("{FAE04EC0-301F-11D3-BF4B-00C04F79EFBC}") = "GoNuts", "GoNuts\GoNuts.csproj", "{9EAE08DF-55BA-4B4D-893D-062D3B242D4A}"
EndProject
Project("{FAE04EC0-301F-11D3-BF4B-00C04F79EFBC}") = "UsingBlendForVisualStates", "UsingBlendForVisualStates\UsingBlendForVisualStates.csproj", "{7AAD6A82-DF57-44B3-B3CD-8B3AC9719CE4}"
EndProject
Project("{FAE04EC0-301F-11D3-BF4B-00C04F79EFBC}") = "U38_ContosoCookbook", "U38_ContosoCookbook\U38_ContosoCookbook.csproj", "{B6AAA460-7A6C-4710-98B3-10159C275327}"
EndProject
Project("{FAE04EC0-301F-11D3-BF4B-00C04F79EFBC}") = "DeviceSpecificViewsExample", "DeviceSpecificViewsExample\DeviceSpecificViewsExample.csproj", "{86D5275E-9E4C-4DA1-A846-D2B7DB8E1723}"
EndProject
Global
	GlobalSection(SolutionConfigurationPlatforms) = preSolution
		Debug|ARM = Debug|ARM
		Debug|ARM64 = Debug|ARM64
		Debug|x64 = Debug|x64
		Debug|x86 = Debug|x86
		Release|ARM = Release|ARM
		Release|ARM64 = Release|ARM64
		Release|x64 = Release|x64
		Release|x86 = Release|x86
	EndGlobalSection
	GlobalSection(ProjectConfigurationPlatforms) = postSolution
		{066DE3E4-42FE-400C-964B-46DF8F052540}.Debug|ARM.ActiveCfg = Debug|ARM
		{066DE3E4-42FE-400C-964B-46DF8F052540}.Debug|ARM.Build.0 = Debug|ARM
		{066DE3E4-42FE-400C-964B-46DF8F052540}.Debug|ARM.Deploy.0 = Debug|ARM
		{066DE3E4-42FE-400C-964B-46DF8F052540}.Debug|ARM64.ActiveCfg = Debug|ARM64
		{066DE3E4-42FE-400C-964B-46DF8F052540}.Debug|ARM64.Build.0 = Debug|ARM64
		{066DE3E4-42FE-400C-964B-46DF8F052540}.Debug|ARM64.Deploy.0 = Debug|ARM64
		{066DE3E4-42FE-400C-964B-46DF8F052540}.Debug|x64.ActiveCfg = Debug|x64
		{066DE3E4-42FE-400C-964B-46DF8F052540}.Debug|x64.Build.0 = Debug|x64
		{066DE3E4-42FE-400C-964B-46DF8F052540}.Debug|x64.Deploy.0 = Debug|x64
		{066DE3E4-42FE-400C-964B-46DF8F052540}.Debug|x86.ActiveCfg = Debug|x86
		{066DE3E4-42FE-400C-964B-46DF8F052540}.Debug|x86.Build.0 = Debug|x86
		{066DE3E4-42FE-400C-964B-46DF8F052540}.Debug|x86.Deploy.0 = Debug|x86
		{066DE3E4-42FE-400C-964B-46DF8F052540}.Release|ARM.ActiveCfg = Release|ARM
		{066DE3E4-42FE-400C-964B-46DF8F052540}.Release|ARM.Build.0 = Release|ARM
		{066DE3E4-42FE-400C-964B-46DF8F052540}.Release|ARM.Deploy.0 = Release|ARM
		{066DE3E4-42FE-400C-964B-46DF8F052540}.Release|ARM64.ActiveCfg = Release|ARM64
		{066DE3E4-42FE-400C-964B-46DF8F052540}.Release|ARM64.Build.0 = Release|ARM64
		{066DE3E4-42FE-400C-964B-46DF8F052540}.Release|ARM64.Deploy.0 = Release|ARM64
		{066DE3E4-42FE-400C-964B-46DF8F052540}.Release|x64.ActiveCfg = Release|x64
		{066DE3E4-42FE-400C-964B-46DF8F052540}.Release|x64.Build.0 = Release|x64
		{066DE3E4-42FE-400C-964B-46DF8F052540}.Release|x64.Deploy.0 = Release|x64
		{066DE3E4-42FE-400C-964B-46DF8F052540}.Release|x86.ActiveCfg = Release|x86
		{066DE3E4-42FE-400C-964B-46DF8F052540}.Release|x86.Build.0 = Release|x86
		{066DE3E4-42FE-400C-964B-46DF8F052540}.Release|x86.Deploy.0 = Release|x86
		{FC680D09-D63E-44BD-B491-D34E5C00CADE}.Debug|ARM.ActiveCfg = Debug|ARM
		{FC680D09-D63E-44BD-B491-D34E5C00CADE}.Debug|ARM.Build.0 = Debug|ARM
		{FC680D09-D63E-44BD-B491-D34E5C00CADE}.Debug|ARM.Deploy.0 = Debug|ARM
		{FC680D09-D63E-44BD-B491-D34E5C00CADE}.Debug|ARM64.ActiveCfg = Debug|ARM64
		{FC680D09-D63E-44BD-B491-D34E5C00CADE}.Debug|ARM64.Build.0 = Debug|ARM64
		{FC680D09-D63E-44BD-B491-D34E5C00CADE}.Debug|ARM64.Deploy.0 = Debug|ARM64
		{FC680D09-D63E-44BD-B491-D34E5C00CADE}.Debug|x64.ActiveCfg = Debug|x64
		{FC680D09-D63E-44BD-B491-D34E5C00CADE}.Debug|x64.Build.0 = Debug|x64
		{FC680D09-D63E-44BD-B491-D34E5C00CADE}.Debug|x64.Deploy.0 = Debug|x64
		{FC680D09-D63E-44BD-B491-D34E5C00CADE}.Debug|x86.ActiveCfg = Debug|x86
		{FC680D09-D63E-44BD-B491-D34E5C00CADE}.Debug|x86.Build.0 = Debug|x86
		{FC680D09-D63E-44BD-B491-D34E5C00CADE}.Debug|x86.Deploy.0 = Debug|x86
		{FC680D09-D63E-44BD-B491-D34E5C00CADE}.Release|ARM.ActiveCfg = Release|ARM
		{FC680D09-D63E-44BD-B491-D34E5C00CADE}.Release|ARM.Build.0 = Release|ARM
		{FC680D09-D63E-44BD-B491-D34E5C00CADE}.Release|ARM.Deploy.0 = Release|ARM
		{FC680D09-D63E-44BD-B491-D34E5C00CADE}.Release|ARM64.ActiveCfg = Release|ARM64
		{FC680D09-D63E-44BD-B491-D34E5C00CADE}.Release|ARM64.Build.0 = Release|ARM64
		{FC680D09-D63E-44BD-B491-D34E5C00CADE}.Release|ARM64.Deploy.0 = Release|ARM64
		{FC680D09-D63E-44BD-B491-D34E5C00CADE}.Release|x64.ActiveCfg = Release|x64
		{FC680D09-D63E-44BD-B491-D34E5C00CADE}.Release|x64.Build.0 = Release|x64
		{FC680D09-D63E-44BD-B491-D34E5C00CADE}.Release|x64.Deploy.0 = Release|x64
		{FC680D09-D63E-44BD-B491-D34E5C00CADE}.Release|x86.ActiveCfg = Release|x86
		{FC680D09-D63E-44BD-B491-D34E5C00CADE}.Release|x86.Build.0 = Release|x86
		{FC680D09-D63E-44BD-B491-D34E5C00CADE}.Release|x86.Deploy.0 = Release|x86
		{BF10A15C-387E-4688-BE28-64E565BDBA53}.Debug|ARM.ActiveCfg = Debug|ARM
		{BF10A15C-387E-4688-BE28-64E565BDBA53}.Debug|ARM.Build.0 = Debug|ARM
		{BF10A15C-387E-4688-BE28-64E565BDBA53}.Debug|ARM.Deploy.0 = Debug|ARM
		{BF10A15C-387E-4688-BE28-64E565BDBA53}.Debug|ARM64.ActiveCfg = Debug|ARM64
		{BF10A15C-387E-4688-BE28-64E565BDBA53}.Debug|ARM64.Build.0 = Debug|ARM64
		{BF10A15C-387E-4688-BE28-64E565BDBA53}.Debug|ARM64.Deploy.0 = Debug|ARM64
		{BF10A15C-387E-4688-BE28-64E565BDBA53}.Debug|x64.ActiveCfg = Debug|x64
		{BF10A15C-387E-4688-BE28-64E565BDBA53}.Debug|x64.Build.0 = Debug|x64
		{BF10A15C-387E-4688-BE28-64E565BDBA53}.Debug|x64.Deploy.0 = Debug|x64
		{BF10A15C-387E-4688-BE28-64E565BDBA53}.Debug|x86.ActiveCfg = Debug|x86
		{BF10A15C-387E-4688-BE28-64E565BDBA53}.Debug|x86.Build.0 = Debug|x86
		{BF10A15C-387E-4688-BE28-64E565BDBA53}.Debug|x86.Deploy.0 = Debug|x86
		{BF10A15C-387E-4688-BE28-64E565BDBA53}.Release|ARM.ActiveCfg = Release|ARM
		{BF10A15C-387E-4688-BE28-64E565BDBA53}.Release|ARM.Build.0 = Release|ARM
		{BF10A15C-387E-4688-BE28-64E565BDBA53}.Release|ARM.Deploy.0 = Release|ARM
		{BF10A15C-387E-4688-BE28-64E565BDBA53}.Release|ARM64.ActiveCfg = Release|ARM64
		{BF10A15C-387E-4688-BE28-64E565BDBA53}.Release|ARM64.Build.0 = Release|ARM64
		{BF10A15C-387E-4688-BE28-64E565BDBA53}.Release|ARM64.Deploy.0 = Release|ARM64
		{BF10A15C-387E-4688-BE28-64E565BDBA53}.Release|x64.ActiveCfg = Release|x64
		{BF10A15C-387E-4688-BE28-64E565BDBA53}.Release|x64.Build.0 = Release|x64
		{BF10A15C-387E-4688-BE28-64E565BDBA53}.Release|x64.Deploy.0 = Release|x64
		{BF10A15C-387E-4688-BE28-64E565BDBA53}.Release|x86.ActiveCfg = Release|x86
		{BF10A15C-387E-4688-BE28-64E565BDBA53}.Release|x86.Build.0 = Release|x86
		{BF10A15C-387E-4688-BE28-64E565BDBA53}.Release|x86.Deploy.0 = Release|x86
		{9EAE08DF-55BA-4B4D-893D-062D3B242D4A}.Debug|ARM.ActiveCfg = Debug|ARM
		{9EAE08DF-55BA-4B4D-893D-062D3B242D4A}.Debug|ARM.Build.0 = Debug|ARM
		{9EAE08DF-55BA-4B4D-893D-062D3B242D4A}.Debug|ARM.Deploy.0 = Debug|ARM
		{9EAE08DF-55BA-4B4D-893D-062D3B242D4A}.Debug|ARM64.ActiveCfg = Debug|ARM64
		{9EAE08DF-55BA-4B4D-893D-062D3B242D4A}.Debug|ARM64.Build.0 = Debug|ARM64
		{9EAE08DF-55BA-4B4D-893D-062D3B242D4A}.Debug|ARM64.Deploy.0 = Debug|ARM64
		{9EAE08DF-55BA-4B4D-893D-062D3B242D4A}.Debug|x64.ActiveCfg = Debug|x64
		{9EAE08DF-55BA-4B4D-893D-062D3B242D4A}.Debug|x64.Build.0 = Debug|x64
		{9EAE08DF-55BA-4B4D-893D-062D3B242D4A}.Debug|x64.Deploy.0 = Debug|x64
		{9EAE08DF-55BA-4B4D-893D-062D3B242D4A}.Debug|x86.ActiveCfg = Debug|x86
		{9EAE08DF-55BA-4B4D-893D-062D3B242D4A}.Debug|x86.Build.0 = Debug|x86
		{9EAE08DF-55BA-4B4D-893D-062D3B242D4A}.Debug|x86.Deploy.0 = Debug|x86
		{9EAE08DF-55BA-4B4D-893D-062D3B242D4A}.Release|ARM.ActiveCfg = Release|ARM
		{9EAE08DF-55BA-4B4D-893D-062D3B242D4A}.Release|ARM.Build.0 = Release|ARM
		{9EAE08DF-55BA-4B4D-893D-062D3B242D4A}.Release|ARM.Deploy.0 = Release|ARM
		{9EAE08DF-55BA-4B4D-893D-062D3B242D4A}.Release|ARM64.ActiveCfg = Release|ARM64
		{9EAE08DF-55BA-4B4D-893D-062D3B242D4A}.Release|ARM64.Build.0 = Release|ARM64
		{9EAE08DF-55BA-4B4D-893D-062D3B242D4A}.Release|ARM64.Deploy.0 = Release|ARM64
		{9EAE08DF-55BA-4B4D-893D-062D3B242D4A}.Release|x64.ActiveCfg = Release|x64
		{9EAE08DF-55BA-4B4D-893D-062D3B242D4A}.Release|x64.Build.0 = Release|x64
		{9EAE08DF-55BA-4B4D-893D-062D3B242D4A}.Release|x64.Deploy.0 = Release|x64
		{9EAE08DF-55BA-4B4D-893D-062D3B242D4A}.Release|x86.ActiveCfg = Release|x86
		{9EAE08DF-55BA-4B4D-893D-062D3B242D4A}.Release|x86.Build.0 = Release|x86
		{9EAE08DF-55BA-4B4D-893D-062D3B242D4A}.Release|x86.Deploy.0 = Release|x86
		{7AAD6A82-DF57-44B3-B3CD-8B3AC9719CE4}.Debug|ARM.ActiveCfg = Debug|ARM
		{7AAD6A82-DF57-44B3-B3CD-8B3AC9719CE4}.Debug|ARM.Build.0 = Debug|ARM
		{7AAD6A82-DF57-44B3-B3CD-8B3AC9719CE4}.Debug|ARM.Deploy.0 = Debug|ARM
		{7AAD6A82-DF57-44B3-B3CD-8B3AC9719CE4}.Debug|ARM64.ActiveCfg = Debug|ARM64
		{7AAD6A82-DF57-44B3-B3CD-8B3AC9719CE4}.Debug|ARM64.Build.0 = Debug|ARM64
		{7AAD6A82-DF57-44B3-B3CD-8B3AC9719CE4}.Debug|ARM64.Deploy.0 = Debug|ARM64
		{7AAD6A82-DF57-44B3-B3CD-8B3AC9719CE4}.Debug|x64.ActiveCfg = Debug|x64
		{7AAD6A82-DF57-44B3-B3CD-8B3AC9719CE4}.Debug|x64.Build.0 = Debug|x64
		{7AAD6A82-DF57-44B3-B3CD-8B3AC9719CE4}.Debug|x64.Deploy.0 = Debug|x64
		{7AAD6A82-DF57-44B3-B3CD-8B3AC9719CE4}.Debug|x86.ActiveCfg = Debug|x86
		{7AAD6A82-DF57-44B3-B3CD-8B3AC9719CE4}.Debug|x86.Build.0 = Debug|x86
		{7AAD6A82-DF57-44B3-B3CD-8B3AC9719CE4}.Debug|x86.Deploy.0 = Debug|x86
		{7AAD6A82-DF57-44B3-B3CD-8B3AC9719CE4}.Release|ARM.ActiveCfg = Release|ARM
		{7AAD6A82-DF57-44B3-B3CD-8B3AC9719CE4}.Release|ARM.Build.0 = Release|ARM
		{7AAD6A82-DF57-44B3-B3CD-8B3AC9719CE4}.Release|ARM.Deploy.0 = Release|ARM
		{7AAD6A82-DF57-44B3-B3CD-8B3AC9719CE4}.Release|ARM64.ActiveCfg = Release|ARM64
		{7AAD6A82-DF57-44B3-B3CD-8B3AC9719CE4}.Release|ARM64.Build.0 = Release|ARM64
		{7AAD6A82-DF57-44B3-B3CD-8B3AC9719CE4}.Release|ARM64.Deploy.0 = Release|ARM64
		{7AAD6A82-DF57-44B3-B3CD-8B3AC9719CE4}.Release|x64.ActiveCfg = Release|x64
		{7AAD6A82-DF57-44B3-B3CD-8B3AC9719CE4}.Release|x64.Build.0 = Release|x64
		{7AAD6A82-DF57-44B3-B3CD-8B3AC9719CE4}.Release|x64.Deploy.0 = Release|x64
		{7AAD6A82-DF57-44B3-B3CD-8B3AC9719CE4}.Release|x86.ActiveCfg = Release|x86
		{7AAD6A82-DF57-44B3-B3CD-8B3AC9719CE4}.Release|x86.Build.0 = Release|x86
		{7AAD6A82-DF57-44B3-B3CD-8B3AC9719CE4}.Release|x86.Deploy.0 = Release|x86
		{B6AAA460-7A6C-4710-98B3-10159C275327}.Debug|ARM.ActiveCfg = Debug|ARM
		{B6AAA460-7A6C-4710-98B3-10159C275327}.Debug|ARM.Build.0 = Debug|ARM
		{B6AAA460-7A6C-4710-98B3-10159C275327}.Debug|ARM.Deploy.0 = Debug|ARM
		{B6AAA460-7A6C-4710-98B3-10159C275327}.Debug|ARM64.ActiveCfg = Debug|ARM64
		{B6AAA460-7A6C-4710-98B3-10159C275327}.Debug|ARM64.Build.0 = Debug|ARM64
		{B6AAA460-7A6C-4710-98B3-10159C275327}.Debug|ARM64.Deploy.0 = Debug|ARM64
		{B6AAA460-7A6C-4710-98B3-10159C275327}.Debug|x64.ActiveCfg = Debug|x64
		{B6AAA460-7A6C-4710-98B3-10159C275327}.Debug|x64.Build.0 = Debug|x64
		{B6AAA460-7A6C-4710-98B3-10159C275327}.Debug|x64.Deploy.0 = Debug|x64
		{B6AAA460-7A6C-4710-98B3-10159C275327}.Debug|x86.ActiveCfg = Debug|x86
		{B6AAA460-7A6C-4710-98B3-10159C275327}.Debug|x86.Build.0 = Debug|x86
		{B6AAA460-7A6C-4710-98B3-10159C275327}.Debug|x86.Deploy.0 = Debug|x86
		{B6AAA460-7A6C-4710-98B3-10159C275327}.Release|ARM.ActiveCfg = Release|ARM
		{B6AAA460-7A6C-4710-98B3-10159C275327}.Release|ARM.Build.0 = Release|ARM
		{B6AAA460-7A6C-4710-98B3-10159C275327}.Release|ARM.Deploy.0 = Release|ARM
		{B6AAA460-7A6C-4710-98B3-10159C275327}.Release|ARM64.ActiveCfg = Release|ARM64
		{B6AAA460-7A6C-4710-98B3-10159C275327}.Release|ARM64.Build.0 = Release|ARM64
		{B6AAA460-7A6C-4710-98B3-10159C275327}.Release|ARM64.Deploy.0 = Release|ARM64
		{B6AAA460-7A6C-4710-98B3-10159C275327}.Release|x64.ActiveCfg = Release|x64
		{B6AAA460-7A6C-4710-98B3-10159C275327}.Release|x64.Build.0 = Release|x64
		{B6AAA460-7A6C-4710-98B3-10159C275327}.Release|x64.Deploy.0 = Release|x64
		{B6AAA460-7A6C-4710-98B3-10159C275327}.Release|x86.ActiveCfg = Release|x86
		{B6AAA460-7A6C-4710-98B3-10159C275327}.Release|x86.Build.0 = Release|x86
		{B6AAA460-7A6C-4710-98B3-10159C275327}.Release|x86.Deploy.0 = Release|x86
		{86D5275E-9E4C-4DA1-A846-D2B7DB8E1723}.Debug|ARM.ActiveCfg = Debug|ARM
		{86D5275E-9E4C-4DA1-A846-D2B7DB8E1723}.Debug|ARM.Build.0 = Debug|ARM
		{86D5275E-9E4C-4DA1-A846-D2B7DB8E1723}.Debug|ARM.Deploy.0 = Debug|ARM
		{86D5275E-9E4C-4DA1-A846-D2B7DB8E1723}.Debug|ARM64.ActiveCfg = Debug|ARM64
		{86D5275E-9E4C-4DA1-A846-D2B7DB8E1723}.Debug|ARM64.Build.0 = Debug|ARM64
		{86D5275E-9E4C-4DA1-A846-D2B7DB8E1723}.Debug|ARM64.Deploy.0 = Debug|ARM64
		{86D5275E-9E4C-4DA1-A846-D2B7DB8E1723}.Debug|x64.ActiveCfg = Debug|x64
		{86D5275E-9E4C-4DA1-A846-D2B7DB8E1723}.Debug|x64.Build.0 = Debug|x64
		{86D5275E-9E4C-4DA1-A846-D2B7DB8E1723}.Debug|x64.Deploy.0 = Debug|x64
		{86D5275E-9E4C-4DA1-A846-D2B7DB8E1723}.Debug|x86.ActiveCfg = Debug|x86
		{86D5275E-9E4C-4DA1-A846-D2B7DB8E1723}.Debug|x86.Build.0 = Debug|x86
		{86D5275E-9E4C-4DA1-A846-D2B7DB8E1723}.Debug|x86.Deploy.0 = Debug|x86
		{86D5275E-9E4C-4DA1-A846-D2B7DB8E1723}.Release|ARM.ActiveCfg = Release|ARM
		{86D5275E-9E4C-4DA1-A846-D2B7DB8E1723}.Release|ARM.Build.0 = Release|ARM
		{86D5275E-9E4C-4DA1-A846-D2B7DB8E1723}.Release|ARM.Deploy.0 = Release|ARM
		{86D5275E-9E4C-4DA1-A846-D2B7DB8E1723}.Release|ARM64.ActiveCfg = Release|ARM64
		{86D5275E-9E4C-4DA1-A846-D2B7DB8E1723}.Release|ARM64.Build.0 = Release|ARM64
		{86D5275E-9E4C-4DA1-A846-D2B7DB8E1723}.Release|ARM64.Deploy.0 = Release|ARM64
		{86D5275E-9E4C-4DA1-A846-D2B7DB8E1723}.Release|x64.ActiveCfg = Release|x64
		{86D5275E-9E4C-4DA1-A846-D2B7DB8E1723}.Release|x64.Build.0 = Release|x64
		{86D5275E-9E4C-4DA1-A846-D2B7DB8E1723}.Release|x64.Deploy.0 = Release|x64
		{86D5275E-9E4C-4DA1-A846-D2B7DB8E1723}.Release|x86.ActiveCfg = Release|x86
		{86D5275E-9E4C-4DA1-A846-D2B7DB8E1723}.Release|x86.Build.0 = Release|x86
		{86D5275E-9E4C-4DA1-A846-D2B7DB8E1723}.Release|x86.Deploy.0 = Release|x86
	EndGlobalSection
	GlobalSection(SolutionProperties) = preSolution
		HideSolutionNode = FALSE
	EndGlobalSection
	GlobalSection(ExtensibilityGlobals) = postSolution
		SolutionGuid = {748FE7A1-122D-4729-9EE0-8E6BE2F5C007}
	EndGlobalSection
EndGlobal
